
Microsoft Visual Studio Solution File, Format Version 12.00
# Visual Studio Version 16
VisualStudioVersion = 16.0.31605.320
MinimumVisualStudioVersion = 10.0.40219.1
Project("{FAE04EC0-301F-11D3-BF4B-00C04F79EFBC}") = "LCWTest", "LCWTest\LCWTest.csproj", "{24D25443-6329-4B0D-A2BB-E5CB872E4117}"
EndProject
Global
	GlobalSection(SolutionConfigurationPlatforms) = preSolution
		Debug|Any CPU = Debug|Any CPU
		Release|Any CPU = Release|Any CPU
	EndGlobalSection
	GlobalSection(ProjectConfigurationPlatforms) = postSolution
		{24D25443-6329-4B0D-A2BB-E5CB872E4117}.Debug|Any CPU.ActiveCfg = Debug|Any CPU
		{24D25443-6329-4B0D-A2BB-E5CB872E4117}.Debug|Any CPU.Build.0 = Debug|Any CPU
		{24D25443-6329-4B0D-A2BB-E5CB872E4117}.Release|Any CPU.ActiveCfg = Release|Any CPU
		{24D25443-6329-4B0D-A2BB-E5CB872E4117}.Release|Any CPU.Build.0 = Release|Any CPU
	EndGlobalSection
	GlobalSection(SolutionProperties) = preSolution
		HideSolutionNode = FALSE
	EndGlobalSection
	GlobalSection(ExtensibilityGlobals) = postSolution
		SolutionGuid = {DDE84B15-95BF-4E37-B214-A5FCB81FCD49}
	EndGlobalSection
EndGlobal
